{
    "_meta": {
        "hash": {
            "sha256": "805c2cfbd92441d2a3f0364f47601bbb1b5106651d0bbe5bc1cd1d410fe01bb4"
        },
        "pipfile-spec": 6,
        "requires": {
            "python_version": "3.9"
        },
        "sources": [
            {
                "name": "pypi",
                "url": "https://pypi.org/simple",
                "verify_ssl": true
            }
        ]
    },
    "default": {
        "artifacts-keyring": {
            "hashes": [
                "sha256:4a583549c34a3928500139f9b993a5bf4853438997f167b816bba45523b6d97e",
                "sha256:5b69e1001eb1e2b1fbc6a214162a83a14d880419add5e0c160f32d85d51d4535"
            ],
            "index": "pypi",
            "version": "==0.3.2"
        },
        "attrs": {
            "hashes": [
                "sha256:29adc2665447e5191d0e7c568fde78b21f9672d344281d0c6e1ab085429b22b6",
                "sha256:86efa402f67bf2df34f51a335487cf46b1ec130d02b8d39fd248abfd30da551c"
            ],
            "markers": "python_version >= '3.5'",
            "version": "==22.1.0"
        },
        "aws-cdk-lib": {
            "hashes": [
                "sha256:60a44b4045cbe1ab33e001d62ded579a45b5f6b011c612f6804c109666807918",
                "sha256:8f9157c906485308631edbf398a77641e5986aaccba73c3254502138a340a79a"
            ],
            "index": "pypi",
            "version": "==2.50.0"
        },
        "cattrs": {
            "hashes": [
                "sha256:bc12b1f0d000b9f9bee83335887d532a1d3e99a833d1bf0882151c97d3e68c21",
                "sha256:f0eed5642399423cf656e7b66ce92cdc5b963ecafd041d1b24d136fdde7acf6d"
            ],
            "markers": "python_version >= '3.7'",
            "version": "==22.2.0"
        },
        "cdk-ecr-deployment": {
            "hashes": [
                "sha256:06957b670feef2d697dfcd8d00abf5fccf56aafb65f1f8992ecbc7d77e7076be",
                "sha256:2c4d2a17d7c20e53ef685fbbf52a417615cad48dad08e0048dc531ee0138bf29"
            ],
            "index": "pypi",
            "version": "==2.5.6"
        },
        "certifi": {
            "hashes": [
                "sha256:0d9c601124e5a6ba9712dbc60d9c53c21e34f5f641fe83002317394311bdce14",
                "sha256:90c1a32f1d68f940488354e36370f6cca89f0f106db09518524c88d6ed83f382"
            ],
            "markers": "python_version >= '3.6'",
            "version": "==2022.9.24"
        },
        "charset-normalizer": {
            "hashes": [
                "sha256:5a3d016c7c547f69d6f81fb0db9449ce888b418b5b9952cc5e6e66843e9dd845",
                "sha256:83e9a75d1911279afd89352c68b45348559d1fc0506b054b346651b5e7fee29f"
            ],
            "markers": "python_full_version >= '3.6.0'",
            "version": "==2.1.1"
        },
        "constructs": {
            "hashes": [
                "sha256:0cbd8e9541ae5c674aa6e2deb65709c88802901a53c0626062c9ecb0775940da",
                "sha256:ba423d6b41cd10834106a9d69fa4e24a085d1ea41e4090ef5a8043ddb7ac2591"
            ],
            "index": "pypi",
            "version": "==10.1.146"
        },
        "dl-light-infra": {
            "hashes": [
                "sha256:1210929d0f9cc33136d5e77b1b994d6b1e7af6fece126630cdd985aae8e4fd38"
            ],
            "index": "azdo",
            "version": "==0.0.2"
        },
        "dynaconf": {
            "hashes": [
                "sha256:87e0b3b12b5db9e8fb465e1f8c7fdb926cd2ec5b6d88aa7f821f316df93fb165",
                "sha256:d9cfb50fd4a71a543fd23845d4f585b620b6ff6d9d3cc1825c614f7b2097cb39"
            ],
            "index": "pypi",
            "version": "==3.1.11"
        },
        "exceptiongroup": {
            "hashes": [
                "sha256:2ac84b496be68464a2da60da518af3785fff8b7ec0d090a581604bc870bdee41",
                "sha256:affbabf13fb6e98988c38d9c5650e701569fe3c1de3233cfb61c5f33774690ad"
            ],
            "markers": "python_version < '3.11'",
            "version": "==1.0.0"
        },
        "idna": {
            "hashes": [
                "sha256:814f528e8dead7d329833b91c5faa87d60bf71824cd12a7530b5526063d02cb4",
                "sha256:90b77e79eaa3eba6de819a0c442c0b4ceefc341a7a2ab77d7562bf49f425c5c2"
            ],
            "markers": "python_version >= '3.5'",
            "version": "==3.4"
        },
        "importlib-metadata": {
            "hashes": [
                "sha256:da31db32b304314d044d3c12c79bd59e307889b287ad12ff387b3500835fc2ab",
                "sha256:ddb0e35065e8938f867ed4928d0ae5bf2a53b7773871bfe6bcc7e4fcdc7dea43"
            ],
            "markers": "python_version < '3.10'",
            "version": "==5.0.0"
        },
        "jaraco.classes": {
            "hashes": [
                "sha256:2353de3288bc6b82120752201c6b1c1a14b058267fa424ed5ce5984e3b922158",
                "sha256:89559fa5c1d3c34eff6f631ad80bb21f378dbcbb35dd161fd2c6b93f5be2f98a"
            ],
            "markers": "python_version >= '3.7'",
            "version": "==3.2.3"
        },
        "jsii": {
            "hashes": [
                "sha256:9fc57ff37868364ba3417b26dc97189cd0cc71282196a3f4765768c067354be0",
                "sha256:d0867c0d2f60ceda1664c026033ae34ea36178c7027315e577ded13043827664"
            ],
            "markers": "python_version ~= '3.7'",
            "version": "==1.70.0"
        },
        "keyring": {
            "hashes": [
                "sha256:69732a15cb1433bdfbc3b980a8a36a04878a6cfd7cb99f497b573f31618001c0",
                "sha256:69b01dd83c42f590250fe7a1f503fc229b14de83857314b1933a3ddbf595c4a5"
            ],
            "markers": "python_version >= '3.7'",
            "version": "==23.9.3"
        },
        "more-itertools": {
            "hashes": [
                "sha256:250e83d7e81d0c87ca6bd942e6aeab8cc9daa6096d12c5308f3f92fa5e5c1f41",
                "sha256:5a6257e40878ef0520b1803990e3e22303a41b5714006c32a3fd8304b26ea1ab"
            ],
            "markers": "python_version >= '3.7'",
            "version": "==9.0.0"
        },
        "publication": {
            "hashes": [
                "sha256:0248885351febc11d8a1098d5c8e3ab2dabcf3e8c0c96db1e17ecd12b53afbe6",
                "sha256:68416a0de76dddcdd2930d1c8ef853a743cc96c82416c4e4d3b5d901c6276dc4"
            ],
            "version": "==0.0.3"
        },
        "python-dateutil": {
            "hashes": [
                "sha256:0123cacc1627ae19ddf3c27a5de5bd67ee4586fbdd6440d9748f8abb483d3e86",
                "sha256:961d03dc3453ebbc59dbdea9e4e11c5651520a876d0f4db161e8674aae935da9"
            ],
            "markers": "python_version >= '2.7' and python_version not in '3.0, 3.1, 3.2, 3.3'",
            "version": "==2.8.2"
        },
        "requests": {
            "hashes": [
                "sha256:7c5599b102feddaa661c826c56ab4fee28bfd17f5abca1ebbe3e7f19d7c97983",
                "sha256:8fefa2a1a1365bf5520aac41836fbee479da67864514bdb821f31ce07ce65349"
            ],
            "markers": "python_version >= '3.7' and python_version < '4'",
            "version": "==2.28.1"
        },
        "six": {
            "hashes": [
                "sha256:1e61c37477a1626458e36f7b1d82aa5c9b094fa4802892072e49de9c60c4c926",
                "sha256:8abb2f1d86890a2dfb989f9a77cfcfd3e47c2a354b01111771326f8aa26e0254"
            ],
            "markers": "python_version >= '2.7' and python_version not in '3.0, 3.1, 3.2, 3.3'",
            "version": "==1.16.0"
        },
        "typeguard": {
            "hashes": [
                "sha256:00edaa8da3a133674796cf5ea87d9f4b4c367d77476e185e80251cc13dfbb8c4",
                "sha256:5e3e3be01e887e7eafae5af63d1f36c849aaa94e3a0112097312aabfa16284f1"
            ],
            "markers": "python_full_version >= '3.5.3'",
            "version": "==2.13.3"
        },
        "typing-extensions": {
            "hashes": [
                "sha256:1511434bb92bf8dd198c12b1cc812e800d4181cfcb867674e0f8279cc93087aa",
                "sha256:16fa4864408f655d35ec496218b85f79b3437c829e93320c7c9215ccfd92489e"
            ],
            "markers": "python_version >= '3.7'",
            "version": "==4.4.0"
        },
        "urllib3": {
            "hashes": [
                "sha256:3fa96cf423e6987997fc326ae8df396db2a8b7c667747d47ddd8ecba91f4a74e",
                "sha256:b930dd878d5a8afb066a637fbb35144fe7901e3b209d1cd4f524bd0e9deee997"
            ],
            "markers": "python_version >= '2.7' and python_version not in '3.0, 3.1, 3.2, 3.3, 3.4, 3.5' and python_version < '4'",
            "version": "==1.26.12"
        },
        "zipp": {
            "hashes": [
                "sha256:4fcb6f278987a6605757302a6e40e896257570d11c51628968ccb2a47e80c6c1",
                "sha256:7a7262fd930bd3e36c50b9a64897aec3fafff3dfdeec9623ae22b40e93f99bb8"
            ],
            "markers": "python_version >= '3.7'",
            "version": "==3.10.0"
        }
    },
    "develop": {
        "attrs": {
            "hashes": [
                "sha256:29adc2665447e5191d0e7c568fde78b21f9672d344281d0c6e1ab085429b22b6",
                "sha256:86efa402f67bf2df34f51a335487cf46b1ec130d02b8d39fd248abfd30da551c"
            ],
            "markers": "python_version >= '3.5'",
            "version": "==22.1.0"
        },
        "black": {
            "hashes": [
                "sha256:14ff67aec0a47c424bc99b71005202045dc09270da44a27848d534600ac64fc7",
                "sha256:197df8509263b0b8614e1df1756b1dd41be6738eed2ba9e9769f3880c2b9d7b6",
                "sha256:1e464456d24e23d11fced2bc8c47ef66d471f845c7b7a42f3bd77bf3d1789650",
                "sha256:2039230db3c6c639bd84efe3292ec7b06e9214a2992cd9beb293d639c6402edb",
                "sha256:21199526696b8f09c3997e2b4db8d0b108d801a348414264d2eb8eb2532e540d",
                "sha256:2644b5d63633702bc2c5f3754b1b475378fbbfb481f62319388235d0cd104c2d",
                "sha256:432247333090c8c5366e69627ccb363bc58514ae3e63f7fc75c54b1ea80fa7de",
                "sha256:444ebfb4e441254e87bad00c661fe32df9969b2bf224373a448d8aca2132b395",
                "sha256:5b9b29da4f564ba8787c119f37d174f2b69cdfdf9015b7d8c5c16121ddc054ae",
                "sha256:5cc42ca67989e9c3cf859e84c2bf014f6633db63d1cbdf8fdb666dcd9e77e3fa",
                "sha256:5d8f74030e67087b219b032aa33a919fae8806d49c867846bfacde57f43972ef",
                "sha256:72ef3925f30e12a184889aac03d77d031056860ccae8a1e519f6cbb742736383",
                "sha256:819dc789f4498ecc91438a7de64427c73b45035e2e3680c92e18795a839ebb66",
                "sha256:915ace4ff03fdfff953962fa672d44be269deb2eaf88499a0f8805221bc68c87",
                "sha256:9311e99228ae10023300ecac05be5a296f60d2fd10fff31cf5c1fa4ca4b1988d",
                "sha256:974308c58d057a651d182208a484ce80a26dac0caef2895836a92dd6ebd725e0",
                "sha256:b8b49776299fece66bffaafe357d929ca9451450f5466e997a7285ab0fe28e3b",
                "sha256:c957b2b4ea88587b46cf49d1dc17681c1e672864fd7af32fc1e9664d572b3458",
                "sha256:e41a86c6c650bcecc6633ee3180d80a025db041a8e2398dcc059b3afa8382cd4",
                "sha256:f513588da599943e0cde4e32cc9879e825d58720d6557062d1098c5ad80080e1",
                "sha256:fba8a281e570adafb79f7755ac8721b6cf1bbf691186a287e990c7929c7692ff"
            ],
            "index": "pypi",
            "version": "==22.10.0"
        },
        "boto3": {
            "hashes": [
                "sha256:0a19d07a39d69b8e84e24d75474bbf4e737b1749d0c665503dfc2446f321e1f0",
                "sha256:8f0e4eb5c26f927c09bc03302d38156af578b816f1e4f8ca4f0f734d134b9d4f"
            ],
            "index": "pypi",
            "version": "==1.26.0"
        },
        "botocore": {
            "hashes": [
                "sha256:c706640f8cf9297d2af87fc711394631afc14aaa225c7554e220964b5047b47d",
                "sha256:f25dc0827005f81abf4b890a20c71f64ee40ea9e9795df38a242fdeed79e0a89"
            ],
            "markers": "python_version >= '3.7'",
            "version": "==1.29.0"
        },
        "build": {
            "hashes": [
                "sha256:1a07724e891cbd898923145eb7752ee7653674c511378eb9c7691aab1612bc3c",
                "sha256:38a7a2b7a0bdc61a42a0a67509d88c71ecfc37b393baba770fae34e20929ff69"
            ],
            "index": "pypi",
            "version": "==0.9.0"
        },
        "certifi": {
            "hashes": [
                "sha256:0d9c601124e5a6ba9712dbc60d9c53c21e34f5f641fe83002317394311bdce14",
                "sha256:90c1a32f1d68f940488354e36370f6cca89f0f106db09518524c88d6ed83f382"
            ],
            "markers": "python_version >= '3.6'",
            "version": "==2022.9.24"
        },
        "charset-normalizer": {
            "hashes": [
                "sha256:5a3d016c7c547f69d6f81fb0db9449ce888b418b5b9952cc5e6e66843e9dd845",
                "sha256:83e9a75d1911279afd89352c68b45348559d1fc0506b054b346651b5e7fee29f"
            ],
            "markers": "python_full_version >= '3.6.0'",
            "version": "==2.1.1"
        },
        "click": {
            "hashes": [
                "sha256:7682dc8afb30297001674575ea00d1814d808d6a36af415a82bd481d37ba7b8e",
                "sha256:bb4d8133cb15a609f44e8213d9b391b0809795062913b383c62be0ee95b1db48"
            ],
            "markers": "python_version >= '3.7'",
            "version": "==8.1.3"
        },
        "docker": {
            "hashes": [
                "sha256:19e330470af40167d293b0352578c1fa22d74b34d3edf5d4ff90ebc203bbb2f1",
                "sha256:6e06ee8eca46cd88733df09b6b80c24a1a556bc5cb1e1ae54b2c239886d245cf"
            ],
            "index": "pypi",
            "version": "==6.0.0"
        },
        "exceptiongroup": {
            "hashes": [
                "sha256:2ac84b496be68464a2da60da518af3785fff8b7ec0d090a581604bc870bdee41",
                "sha256:affbabf13fb6e98988c38d9c5650e701569fe3c1de3233cfb61c5f33774690ad"
            ],
            "markers": "python_version < '3.11'",
            "version": "==1.0.0"
        },
        "flake8": {
            "hashes": [
                "sha256:6fbe320aad8d6b95cec8b8e47bc933004678dc63095be98528b7bdd2a9f510db",
                "sha256:7a1cf6b73744f5806ab95e526f6f0d8c01c66d7bbe349562d22dfca20610b248"
            ],
            "index": "pypi",
            "version": "==5.0.4"
        },
        "idna": {
            "hashes": [
                "sha256:814f528e8dead7d329833b91c5faa87d60bf71824cd12a7530b5526063d02cb4",
                "sha256:90b77e79eaa3eba6de819a0c442c0b4ceefc341a7a2ab77d7562bf49f425c5c2"
            ],
            "markers": "python_version >= '3.5'",
            "version": "==3.4"
        },
        "iniconfig": {
            "hashes": [
                "sha256:011e24c64b7f47f6ebd835bb12a743f2fbe9a26d4cecaa7f53bc4f35ee9da8b3",
                "sha256:bc3af051d7d14b2ee5ef9969666def0cd1a000e121eaea580d4a313df4b37f32"
            ],
            "version": "==1.1.1"
        },
        "jmespath": {
            "hashes": [
                "sha256:02e2e4cc71b5bcab88332eebf907519190dd9e6e82107fa7f83b1003a6252980",
                "sha256:90261b206d6defd58fdd5e85f478bf633a2901798906be2ad389150c5c60edbe"
            ],
            "markers": "python_version >= '3.7'",
            "version": "==1.0.1"
        },
        "mccabe": {
            "hashes": [
                "sha256:348e0240c33b60bbdf4e523192ef919f28cb2c3d7d5c7794f74009290f236325",
                "sha256:6c2d30ab6be0e4a46919781807b4f0d834ebdd6c6e3dca0bda5a15f863427b6e"
            ],
            "markers": "python_version >= '3.6'",
            "version": "==0.7.0"
        },
        "mypy": {
            "hashes": [
                "sha256:1021c241e8b6e1ca5a47e4d52601274ac078a89845cfde66c6d5f769819ffa1d",
                "sha256:14d53cdd4cf93765aa747a7399f0961a365bcddf7855d9cef6306fa41de01c24",
                "sha256:175f292f649a3af7082fe36620369ffc4661a71005aa9f8297ea473df5772046",
                "sha256:26ae64555d480ad4b32a267d10cab7aec92ff44de35a7cd95b2b7cb8e64ebe3e",
                "sha256:41fd1cf9bc0e1c19b9af13a6580ccb66c381a5ee2cf63ee5ebab747a4badeba3",
                "sha256:5085e6f442003fa915aeb0a46d4da58128da69325d8213b4b35cc7054090aed5",
                "sha256:58f27ebafe726a8e5ccb58d896451dd9a662a511a3188ff6a8a6a919142ecc20",
                "sha256:6389af3e204975d6658de4fb8ac16f58c14e1bacc6142fee86d1b5b26aa52bda",
                "sha256:724d36be56444f569c20a629d1d4ee0cb0ad666078d59bb84f8f887952511ca1",
                "sha256:75838c649290d83a2b83a88288c1eb60fe7a05b36d46cbea9d22efc790002146",
                "sha256:7b35ce03a289480d6544aac85fa3674f493f323d80ea7226410ed065cd46f206",
                "sha256:85f7a343542dc8b1ed0a888cdd34dca56462654ef23aa673907305b260b3d746",
                "sha256:86ebe67adf4d021b28c3f547da6aa2cce660b57f0432617af2cca932d4d378a6",
                "sha256:8ee8c2472e96beb1045e9081de8e92f295b89ac10c4109afdf3a23ad6e644f3e",
                "sha256:91781eff1f3f2607519c8b0e8518aad8498af1419e8442d5d0afb108059881fc",
                "sha256:a692a8e7d07abe5f4b2dd32d731812a0175626a90a223d4b58f10f458747dd8a",
                "sha256:a705a93670c8b74769496280d2fe6cd59961506c64f329bb179970ff1d24f9f8",
                "sha256:c6e564f035d25c99fd2b863e13049744d96bd1947e3d3d2f16f5828864506763",
                "sha256:cebca7fd333f90b61b3ef7f217ff75ce2e287482206ef4a8b18f32b49927b1a2",
                "sha256:d6af646bd46f10d53834a8e8983e130e47d8ab2d4b7a97363e35b24e1d588947",
                "sha256:e7aeaa763c7ab86d5b66ff27f68493d672e44c8099af636d433a7f3fa5596d40",
                "sha256:eaa97b9ddd1dd9901a22a879491dbb951b5dec75c3b90032e2baa7336777363b",
                "sha256:eb7a068e503be3543c4bd329c994103874fa543c1727ba5288393c21d912d795",
                "sha256:f793e3dd95e166b66d50e7b63e69e58e88643d80a3dcc3bcd81368e0478b089c"
            ],
            "index": "pypi",
            "version": "==0.982"
        },
        "mypy-extensions": {
            "hashes": [
                "sha256:090fedd75945a69ae91ce1303b5824f428daf5a028d2f6ab8a299250a846f15d",
                "sha256:2d82818f5bb3e369420cb3c4060a7970edba416647068eb4c5343488a6c604a8"
            ],
            "version": "==0.4.3"
        },
        "packaging": {
            "hashes": [
                "sha256:dd47c42927d89ab911e606518907cc2d3a1f38bbd026385970643f9c5b8ecfeb",
                "sha256:ef103e05f519cdc783ae24ea4e2e0f508a9c99b2d4969652eed6a2e1ea5bd522"
            ],
            "markers": "python_version >= '3.6'",
            "version": "==21.3"
        },
        "pathspec": {
            "hashes": [
                "sha256:46846318467efc4556ccfd27816e004270a9eeeeb4d062ce5e6fc7a87c573f93",
                "sha256:7ace6161b621d31e7902eb6b5ae148d12cfd23f4a249b9ffb6b9fee12084323d"
            ],
            "markers": "python_version >= '3.7'",
            "version": "==0.10.1"
        },
        "pep517": {
            "hashes": [
                "sha256:4ba4446d80aed5b5eac6509ade100bff3e7943a8489de249654a5ae9b33ee35b",
                "sha256:ae69927c5c172be1add9203726d4b84cf3ebad1edcd5f71fcdc746e66e829f59"
            ],
            "markers": "python_version >= '3.6'",
            "version": "==0.13.0"
        },
        "platformdirs": {
            "hashes": [
                "sha256:027d8e83a2d7de06bbac4e5ef7e023c02b863d7ea5d079477e722bb41ab25788",
                "sha256:58c8abb07dcb441e6ee4b11d8df0ac856038f944ab98b7be6b27b2a3c7feef19"
            ],
            "markers": "python_version >= '3.7'",
            "version": "==2.5.2"
        },
        "pluggy": {
            "hashes": [
                "sha256:4224373bacce55f955a878bf9cfa763c1e360858e330072059e10bad68531159",
                "sha256:74134bbf457f031a36d68416e1509f34bd5ccc019f0bcc952c7b909d06b37bd3"
            ],
            "markers": "python_version >= '3.6'",
            "version": "==1.0.0"
        },
        "pycodestyle": {
            "hashes": [
                "sha256:2c9607871d58c76354b697b42f5d57e1ada7d261c261efac224b664affdc5785",
                "sha256:d1735fc58b418fd7c5f658d28d943854f8a849b01a5d0a1e6f3f3fdd0166804b"
            ],
            "markers": "python_version >= '3.6'",
            "version": "==2.9.1"
        },
        "pyflakes": {
            "hashes": [
                "sha256:4579f67d887f804e67edb544428f264b7b24f435b263c4614f384135cea553d2",
                "sha256:491feb020dca48ccc562a8c0cbe8df07ee13078df59813b83959cbdada312ea3"
            ],
            "markers": "python_version >= '3.6'",
            "version": "==2.5.0"
        },
        "pyparsing": {
            "hashes": [
                "sha256:2b020ecf7d21b687f219b71ecad3631f644a47f01403fa1d1036b0c6416d70fb",
                "sha256:5026bae9a10eeaefb61dab2f09052b9f4307d44aee4eda64b309723d8d206bbc"
            ],
            "markers": "python_full_version >= '3.6.8'",
            "version": "==3.0.9"
        },
        "pytest": {
            "hashes": [
                "sha256:892f933d339f068883b6fd5a459f03d85bfcb355e4981e146d2c7616c21fef71",
                "sha256:c4014eb40e10f11f355ad4e3c2fb2c6c6d1919c73f3b5a433de4708202cade59"
            ],
            "index": "pypi",
            "version": "==7.2.0"
        },
        "python-dateutil": {
            "hashes": [
                "sha256:0123cacc1627ae19ddf3c27a5de5bd67ee4586fbdd6440d9748f8abb483d3e86",
                "sha256:961d03dc3453ebbc59dbdea9e4e11c5651520a876d0f4db161e8674aae935da9"
            ],
            "markers": "python_version >= '2.7' and python_version not in '3.0, 3.1, 3.2, 3.3'",
            "version": "==2.8.2"
        },
        "requests": {
            "hashes": [
                "sha256:7c5599b102feddaa661c826c56ab4fee28bfd17f5abca1ebbe3e7f19d7c97983",
                "sha256:8fefa2a1a1365bf5520aac41836fbee479da67864514bdb821f31ce07ce65349"
            ],
            "markers": "python_version >= '3.7' and python_version < '4'",
            "version": "==2.28.1"
        },
        "s3transfer": {
            "hashes": [
                "sha256:06176b74f3a15f61f1b4f25a1fc29a4429040b7647133a463da8fa5bd28d5ecd",
                "sha256:2ed07d3866f523cc561bf4a00fc5535827981b117dd7876f036b0c1aca42c947"
            ],
            "markers": "python_version >= '3.7'",
            "version": "==0.6.0"
        },
        "six": {
            "hashes": [
                "sha256:1e61c37477a1626458e36f7b1d82aa5c9b094fa4802892072e49de9c60c4c926",
                "sha256:8abb2f1d86890a2dfb989f9a77cfcfd3e47c2a354b01111771326f8aa26e0254"
            ],
            "markers": "python_version >= '2.7' and python_version not in '3.0, 3.1, 3.2, 3.3'",
            "version": "==1.16.0"
        },
        "tomli": {
            "hashes": [
                "sha256:939de3e7a6161af0c887ef91b7d41a53e7c5a1ca976325f429cb46ea9bc30ecc",
                "sha256:de526c12914f0c550d15924c62d72abc48d6fe7364aa87328337a31007fe8a4f"
            ],
            "markers": "python_full_version < '3.11.0a7'",
            "version": "==2.0.1"
        },
        "typing-extensions": {
            "hashes": [
                "sha256:1511434bb92bf8dd198c12b1cc812e800d4181cfcb867674e0f8279cc93087aa",
                "sha256:16fa4864408f655d35ec496218b85f79b3437c829e93320c7c9215ccfd92489e"
            ],
            "markers": "python_version >= '3.7'",
            "version": "==4.4.0"
        },
        "urllib3": {
            "hashes": [
                "sha256:3fa96cf423e6987997fc326ae8df396db2a8b7c667747d47ddd8ecba91f4a74e",
                "sha256:b930dd878d5a8afb066a637fbb35144fe7901e3b209d1cd4f524bd0e9deee997"
            ],
            "markers": "python_version >= '2.7' and python_version not in '3.0, 3.1, 3.2, 3.3, 3.4, 3.5' and python_version < '4'",
            "version": "==1.26.12"
        },
        "websocket-client": {
            "hashes": [
                "sha256:398909eb7e261f44b8f4bd474785b6ec5f5b499d4953342fe9755e01ef624090",
                "sha256:f9611eb65c8241a67fb373bef040b3cf8ad377a9f6546a12b620b6511e8ea9ef"
            ],
            "markers": "python_version >= '3.7'",
            "version": "==1.4.1"
        }
    }
}
