{
    "_meta": {
        "hash": {
            "sha256": "a54e5e929677ddc48e1c267d560a83084e079fcd61c630664a87aa12ff212d4f"
        },
        "pipfile-spec": 6,
        "requires": {
            "python_version": "3.9"
        },
        "sources": [
            {
                "name": "pypi",
                "url": "https://pypi.org/simple",
                "verify_ssl": true
            }
        ]
    },
    "default": {
        "artifacts-keyring": {
            "hashes": [
                "sha256:4a583549c34a3928500139f9b993a5bf4853438997f167b816bba45523b6d97e",
                "sha256:5b69e1001eb1e2b1fbc6a214162a83a14d880419add5e0c160f32d85d51d4535"
            ],
            "index": "pypi",
            "version": "==0.3.2"
        },
        "attrs": {
            "hashes": [
                "sha256:29adc2665447e5191d0e7c568fde78b21f9672d344281d0c6e1ab085429b22b6",
                "sha256:86efa402f67bf2df34f51a335487cf46b1ec130d02b8d39fd248abfd30da551c"
            ],
            "markers": "python_version >= '3.5'",
            "version": "==22.1.0"
        },
        "aws-cdk-lib": {
            "hashes": [
                "sha256:1e3892d43ca7a069c0ebc5fe643ccd3420056dbffef04dec57ca90027e01dec5",
                "sha256:372902cb23d08a1f926ca0489d1a02ecc5e8b7b3b4ef9746e221f5a62af6517f"
            ],
            "index": "pypi",
            "version": "==2.54.0"
        },
        "aws-cdk.asset-awscli-v1": {
            "hashes": [
                "sha256:2d93033aba1448224df3fd90e5e50cc69d50abc421bb85a1cb98d151023fda7f",
                "sha256:e4f6c1a80b3f822b31a120b0a485163e203a2c0471e0ed9bcdb9ed55d512627e"
            ],
            "markers": "python_version ~= '3.7'",
            "version": "==2.2.30"
        },
        "aws-cdk.asset-kubectl-v20": {
            "hashes": [
                "sha256:9834cdb150c5590aea4e5eba6de2a89b4c60617451181c524810c5a75154565c",
                "sha256:a2fad1a5a35a94a465efe60859f91e45dacc33261fb9bbf1cf9bbc6e2f70e9d6"
            ],
            "markers": "python_version ~= '3.7'",
            "version": "==2.1.1"
        },
        "aws-cdk.asset-node-proxy-agent-v5": {
            "hashes": [
                "sha256:10e9f88849ab9b7d355ad489299388a285597c4409c2aff0227641344fb8b287",
                "sha256:21b56e0ec84ece7b2fc08de1b337b54e76099673206d7b63fc7822ce7c2226d5"
            ],
            "markers": "python_version ~= '3.7'",
            "version": "==2.0.36"
        },
        "cattrs": {
            "hashes": [
                "sha256:bc12b1f0d000b9f9bee83335887d532a1d3e99a833d1bf0882151c97d3e68c21",
                "sha256:f0eed5642399423cf656e7b66ce92cdc5b963ecafd041d1b24d136fdde7acf6d"
            ],
            "markers": "python_version >= '3.7'",
            "version": "==22.2.0"
        },
        "cdk-ecr-deployment": {
            "hashes": [
                "sha256:06957b670feef2d697dfcd8d00abf5fccf56aafb65f1f8992ecbc7d77e7076be",
                "sha256:2c4d2a17d7c20e53ef685fbbf52a417615cad48dad08e0048dc531ee0138bf29"
            ],
            "index": "pypi",
            "version": "==2.5.6"
        },
        "certifi": {
            "hashes": [
                "sha256:35824b4c3a97115964b408844d64aa14db1cc518f6562e8d7261699d1350a9e3",
                "sha256:4ad3232f5e926d6718ec31cfc1fcadfde020920e278684144551c91769c7bc18"
            ],
            "markers": "python_version >= '3.6'",
            "version": "==2022.12.7"
        },
        "charset-normalizer": {
            "hashes": [
                "sha256:5a3d016c7c547f69d6f81fb0db9449ce888b418b5b9952cc5e6e66843e9dd845",
                "sha256:83e9a75d1911279afd89352c68b45348559d1fc0506b054b346651b5e7fee29f"
            ],
            "markers": "python_full_version >= '3.6.0'",
            "version": "==2.1.1"
        },
        "constructs": {
            "hashes": [
                "sha256:9037907bc3bd5b2d6fcdf76a3dda5dfa9e62f8954dbf8bac2de31093c4a60127",
                "sha256:ac00e0294448df00d0b342f3807edbddb6732c73935dd4d1ff025afff991b181"
            ],
            "index": "pypi",
            "version": "==10.1.185"
        },
        "dl-light-infra": {
            "hashes": [
                "sha256:b0d95729b7a76000fc3b3de5afe2db7f9b8ac52d7ec9308dd20c572a36ead5ca"
            ],
            "index": "pkgsdevazure",
            "version": "==0.0.10"
        },
        "dynaconf": {
            "hashes": [
                "sha256:87e0b3b12b5db9e8fb465e1f8c7fdb926cd2ec5b6d88aa7f821f316df93fb165",
                "sha256:d9cfb50fd4a71a543fd23845d4f585b620b6ff6d9d3cc1825c614f7b2097cb39"
            ],
            "index": "pypi",
            "version": "==3.1.11"
        },
        "exceptiongroup": {
            "hashes": [
                "sha256:542adf9dea4055530d6e1279602fa5cb11dab2395fa650b8674eaec35fc4a828",
                "sha256:bd14967b79cd9bdb54d97323216f8fdf533e278df937aa2a90089e7d6e06e5ec"
            ],
            "markers": "python_version < '3.11'",
            "version": "==1.0.4"
        },
        "idna": {
            "hashes": [
                "sha256:814f528e8dead7d329833b91c5faa87d60bf71824cd12a7530b5526063d02cb4",
                "sha256:90b77e79eaa3eba6de819a0c442c0b4ceefc341a7a2ab77d7562bf49f425c5c2"
            ],
            "markers": "python_version >= '3.5'",
            "version": "==3.4"
        },
        "importlib-metadata": {
            "hashes": [
                "sha256:d5059f9f1e8e41f80e9c56c2ee58811450c31984dfa625329ffd7c0dad88a73b",
                "sha256:d84d17e21670ec07990e1044a99efe8d615d860fd176fc29ef5c306068fda313"
            ],
            "markers": "python_version < '3.12'",
            "version": "==5.1.0"
        },
        "jaraco.classes": {
            "hashes": [
                "sha256:2353de3288bc6b82120752201c6b1c1a14b058267fa424ed5ce5984e3b922158",
                "sha256:89559fa5c1d3c34eff6f631ad80bb21f378dbcbb35dd161fd2c6b93f5be2f98a"
            ],
            "markers": "python_version >= '3.7'",
            "version": "==3.2.3"
        },
        "jsii": {
            "hashes": [
                "sha256:4dcf65eca9400c15a6a7c9d85b27f4bfe15c96ad3e36272a502f391556858151",
                "sha256:6daf1c17362bd07c50c299e08d9a4454075550eb78e035a160ecf9ea68ded3cf"
            ],
            "markers": "python_version ~= '3.7'",
            "version": "==1.72.0"
        },
        "keyring": {
            "hashes": [
                "sha256:3dd30011d555f1345dec2c262f0153f2f0ca6bca041fb1dc4588349bb4c0ac1e",
                "sha256:ad192263e2cdd5f12875dedc2da13534359a7e760e77f8d04b50968a821c2361"
            ],
            "markers": "python_version >= '3.7'",
            "version": "==23.11.0"
        },
        "more-itertools": {
            "hashes": [
                "sha256:250e83d7e81d0c87ca6bd942e6aeab8cc9daa6096d12c5308f3f92fa5e5c1f41",
                "sha256:5a6257e40878ef0520b1803990e3e22303a41b5714006c32a3fd8304b26ea1ab"
            ],
            "markers": "python_version >= '3.7'",
            "version": "==9.0.0"
        },
        "publication": {
            "hashes": [
                "sha256:0248885351febc11d8a1098d5c8e3ab2dabcf3e8c0c96db1e17ecd12b53afbe6",
                "sha256:68416a0de76dddcdd2930d1c8ef853a743cc96c82416c4e4d3b5d901c6276dc4"
            ],
            "version": "==0.0.3"
        },
        "python-dateutil": {
            "hashes": [
                "sha256:0123cacc1627ae19ddf3c27a5de5bd67ee4586fbdd6440d9748f8abb483d3e86",
                "sha256:961d03dc3453ebbc59dbdea9e4e11c5651520a876d0f4db161e8674aae935da9"
            ],
            "markers": "python_version >= '2.7' and python_version not in '3.0, 3.1, 3.2, 3.3'",
            "version": "==2.8.2"
        },
        "requests": {
            "hashes": [
                "sha256:7c5599b102feddaa661c826c56ab4fee28bfd17f5abca1ebbe3e7f19d7c97983",
                "sha256:8fefa2a1a1365bf5520aac41836fbee479da67864514bdb821f31ce07ce65349"
            ],
            "markers": "python_version >= '3.7' and python_version < '4'",
            "version": "==2.28.1"
        },
        "six": {
            "hashes": [
                "sha256:1e61c37477a1626458e36f7b1d82aa5c9b094fa4802892072e49de9c60c4c926",
                "sha256:8abb2f1d86890a2dfb989f9a77cfcfd3e47c2a354b01111771326f8aa26e0254"
            ],
            "markers": "python_version >= '2.7' and python_version not in '3.0, 3.1, 3.2, 3.3'",
            "version": "==1.16.0"
        },
        "typeguard": {
            "hashes": [
                "sha256:00edaa8da3a133674796cf5ea87d9f4b4c367d77476e185e80251cc13dfbb8c4",
                "sha256:5e3e3be01e887e7eafae5af63d1f36c849aaa94e3a0112097312aabfa16284f1"
            ],
            "markers": "python_full_version >= '3.5.3'",
            "version": "==2.13.3"
        },
        "typing-extensions": {
            "hashes": [
                "sha256:1511434bb92bf8dd198c12b1cc812e800d4181cfcb867674e0f8279cc93087aa",
                "sha256:16fa4864408f655d35ec496218b85f79b3437c829e93320c7c9215ccfd92489e"
            ],
            "markers": "python_version >= '3.7'",
            "version": "==4.4.0"
        },
        "urllib3": {
            "hashes": [
                "sha256:47cc05d99aaa09c9e72ed5809b60e7ba354e64b59c9c173ac3018642d8bb41fc",
                "sha256:c083dd0dce68dbfbe1129d5271cb90f9447dea7d52097c6e0126120c521ddea8"
            ],
            "markers": "python_version >= '2.7' and python_version not in '3.0, 3.1, 3.2, 3.3, 3.4, 3.5'",
            "version": "==1.26.13"
        },
        "zipp": {
            "hashes": [
                "sha256:83a28fcb75844b5c0cdaf5aa4003c2d728c77e05f5aeabe8e95e56727005fbaa",
                "sha256:a7a22e05929290a67401440b39690ae6563279bced5f314609d9d03798f56766"
            ],
            "markers": "python_version >= '3.7'",
            "version": "==3.11.0"
        }
    },
    "develop": {
        "attrs": {
            "hashes": [
                "sha256:29adc2665447e5191d0e7c568fde78b21f9672d344281d0c6e1ab085429b22b6",
                "sha256:86efa402f67bf2df34f51a335487cf46b1ec130d02b8d39fd248abfd30da551c"
            ],
            "markers": "python_version >= '3.5'",
            "version": "==22.1.0"
        },
        "black": {
            "hashes": [
                "sha256:101c69b23df9b44247bd88e1d7e90154336ac4992502d4197bdac35dd7ee3320",
                "sha256:159a46a4947f73387b4d83e87ea006dbb2337eab6c879620a3ba52699b1f4351",
                "sha256:1f58cbe16dfe8c12b7434e50ff889fa479072096d79f0a7f25e4ab8e94cd8350",
                "sha256:229351e5a18ca30f447bf724d007f890f97e13af070bb6ad4c0a441cd7596a2f",
                "sha256:436cc9167dd28040ad90d3b404aec22cedf24a6e4d7de221bec2730ec0c97bcf",
                "sha256:559c7a1ba9a006226f09e4916060982fd27334ae1998e7a38b3f33a37f7a2148",
                "sha256:7412e75863aa5c5411886804678b7d083c7c28421210180d67dfd8cf1221e1f4",
                "sha256:77d86c9f3db9b1bf6761244bc0b3572a546f5fe37917a044e02f3166d5aafa7d",
                "sha256:82d9fe8fee3401e02e79767016b4907820a7dc28d70d137eb397b92ef3cc5bfc",
                "sha256:9eedd20838bd5d75b80c9f5487dbcb06836a43833a37846cf1d8c1cc01cef59d",
                "sha256:c116eed0efb9ff870ded8b62fe9f28dd61ef6e9ddd28d83d7d264a38417dcee2",
                "sha256:d30b212bffeb1e252b31dd269dfae69dd17e06d92b87ad26e23890f3efea366f"
            ],
            "index": "pypi",
            "version": "==22.12.0"
        },
        "boto3": {
            "hashes": [
                "sha256:255a7565226c21c5d500f69aabb977e1ac07dbaf576f4428d00558e8e508a23b",
                "sha256:6d633563802065dba2ccab48c6cab3213ca2f672ade10d096db62f686f11ea9b"
            ],
            "index": "pypi",
            "version": "==1.26.27"
        },
        "botocore": {
            "hashes": [
                "sha256:03ead47c52c5caee4c69498a655444569e9d86c0e15e3884ce8c3eca01b4f658",
                "sha256:0932b22d8737b11037adf7e734f9b90425b575d0757e4c1a035e99f382955221"
            ],
            "markers": "python_version >= '3.7'",
            "version": "==1.29.27"
        },
        "build": {
            "hashes": [
                "sha256:1a07724e891cbd898923145eb7752ee7653674c511378eb9c7691aab1612bc3c",
                "sha256:38a7a2b7a0bdc61a42a0a67509d88c71ecfc37b393baba770fae34e20929ff69"
            ],
            "index": "pypi",
            "version": "==0.9.0"
        },
        "certifi": {
            "hashes": [
                "sha256:35824b4c3a97115964b408844d64aa14db1cc518f6562e8d7261699d1350a9e3",
                "sha256:4ad3232f5e926d6718ec31cfc1fcadfde020920e278684144551c91769c7bc18"
            ],
            "markers": "python_version >= '3.6'",
            "version": "==2022.12.7"
        },
        "charset-normalizer": {
            "hashes": [
                "sha256:5a3d016c7c547f69d6f81fb0db9449ce888b418b5b9952cc5e6e66843e9dd845",
                "sha256:83e9a75d1911279afd89352c68b45348559d1fc0506b054b346651b5e7fee29f"
            ],
            "markers": "python_full_version >= '3.6.0'",
            "version": "==2.1.1"
        },
        "click": {
            "hashes": [
                "sha256:7682dc8afb30297001674575ea00d1814d808d6a36af415a82bd481d37ba7b8e",
                "sha256:bb4d8133cb15a609f44e8213d9b391b0809795062913b383c62be0ee95b1db48"
            ],
            "markers": "python_version >= '3.7'",
            "version": "==8.1.3"
        },
        "docker": {
            "hashes": [
                "sha256:896c4282e5c7af5c45e8b683b0b0c33932974fe6e50fc6906a0a83616ab3da97",
                "sha256:dbcb3bd2fa80dca0788ed908218bf43972772009b881ed1e20dfc29a65e49782"
            ],
            "index": "pypi",
            "version": "==6.0.1"
        },
        "exceptiongroup": {
            "hashes": [
                "sha256:542adf9dea4055530d6e1279602fa5cb11dab2395fa650b8674eaec35fc4a828",
                "sha256:bd14967b79cd9bdb54d97323216f8fdf533e278df937aa2a90089e7d6e06e5ec"
            ],
            "markers": "python_version < '3.11'",
            "version": "==1.0.4"
        },
        "flake8": {
            "hashes": [
                "sha256:3833794e27ff64ea4e9cf5d410082a8b97ff1a06c16aa3d2027339cd0f1195c7",
                "sha256:c61007e76655af75e6785a931f452915b371dc48f56efd765247c8fe68f2b181"
            ],
            "index": "pypi",
            "version": "==6.0.0"
        },
        "idna": {
            "hashes": [
                "sha256:814f528e8dead7d329833b91c5faa87d60bf71824cd12a7530b5526063d02cb4",
                "sha256:90b77e79eaa3eba6de819a0c442c0b4ceefc341a7a2ab77d7562bf49f425c5c2"
            ],
            "markers": "python_version >= '3.5'",
            "version": "==3.4"
        },
        "iniconfig": {
            "hashes": [
                "sha256:011e24c64b7f47f6ebd835bb12a743f2fbe9a26d4cecaa7f53bc4f35ee9da8b3",
                "sha256:bc3af051d7d14b2ee5ef9969666def0cd1a000e121eaea580d4a313df4b37f32"
            ],
            "version": "==1.1.1"
        },
        "jmespath": {
            "hashes": [
                "sha256:02e2e4cc71b5bcab88332eebf907519190dd9e6e82107fa7f83b1003a6252980",
                "sha256:90261b206d6defd58fdd5e85f478bf633a2901798906be2ad389150c5c60edbe"
            ],
            "markers": "python_version >= '3.7'",
            "version": "==1.0.1"
        },
        "mccabe": {
            "hashes": [
                "sha256:348e0240c33b60bbdf4e523192ef919f28cb2c3d7d5c7794f74009290f236325",
                "sha256:6c2d30ab6be0e4a46919781807b4f0d834ebdd6c6e3dca0bda5a15f863427b6e"
            ],
            "markers": "python_version >= '3.6'",
            "version": "==0.7.0"
        },
        "mypy": {
            "hashes": [
                "sha256:0714258640194d75677e86c786e80ccf294972cc76885d3ebbb560f11db0003d",
                "sha256:0c8f3be99e8a8bd403caa8c03be619544bc2c77a7093685dcf308c6b109426c6",
                "sha256:0cca5adf694af539aeaa6ac633a7afe9bbd760df9d31be55ab780b77ab5ae8bf",
                "sha256:1c8cd4fb70e8584ca1ed5805cbc7c017a3d1a29fb450621089ffed3e99d1857f",
                "sha256:1f7d1a520373e2272b10796c3ff721ea1a0712288cafaa95931e66aa15798813",
                "sha256:209ee89fbb0deed518605edddd234af80506aec932ad28d73c08f1400ef80a33",
                "sha256:26efb2fcc6b67e4d5a55561f39176821d2adf88f2745ddc72751b7890f3194ad",
                "sha256:37bd02ebf9d10e05b00d71302d2c2e6ca333e6c2a8584a98c00e038db8121f05",
                "sha256:3a700330b567114b673cf8ee7388e949f843b356a73b5ab22dd7cff4742a5297",
                "sha256:3c0165ba8f354a6d9881809ef29f1a9318a236a6d81c690094c5df32107bde06",
                "sha256:3d80e36b7d7a9259b740be6d8d906221789b0d836201af4234093cae89ced0cd",
                "sha256:4175593dc25d9da12f7de8de873a33f9b2b8bdb4e827a7cae952e5b1a342e243",
                "sha256:4307270436fd7694b41f913eb09210faff27ea4979ecbcd849e57d2da2f65305",
                "sha256:5e80e758243b97b618cdf22004beb09e8a2de1af481382e4d84bc52152d1c476",
                "sha256:641411733b127c3e0dab94c45af15fea99e4468f99ac88b39efb1ad677da5711",
                "sha256:652b651d42f155033a1967739788c436491b577b6a44e4c39fb340d0ee7f0d70",
                "sha256:6d7464bac72a85cb3491c7e92b5b62f3dcccb8af26826257760a552a5e244aa5",
                "sha256:74e259b5c19f70d35fcc1ad3d56499065c601dfe94ff67ae48b85596b9ec1461",
                "sha256:7d17e0a9707d0772f4a7b878f04b4fd11f6f5bcb9b3813975a9b13c9332153ab",
                "sha256:901c2c269c616e6cb0998b33d4adbb4a6af0ac4ce5cd078afd7bc95830e62c1c",
                "sha256:98e781cd35c0acf33eb0295e8b9c55cdbef64fcb35f6d3aa2186f289bed6e80d",
                "sha256:a12c56bf73cdab116df96e4ff39610b92a348cc99a1307e1da3c3768bbb5b135",
                "sha256:ac6e503823143464538efda0e8e356d871557ef60ccd38f8824a4257acc18d93",
                "sha256:b8472f736a5bfb159a5e36740847808f6f5b659960115ff29c7cecec1741c648",
                "sha256:b86ce2c1866a748c0f6faca5232059f881cda6dda2a893b9a8373353cfe3715a",
                "sha256:bc9ec663ed6c8f15f4ae9d3c04c989b744436c16d26580eaa760ae9dd5d662eb",
                "sha256:c9166b3f81a10cdf9b49f2d594b21b31adadb3d5e9db9b834866c3258b695be3",
                "sha256:d13674f3fb73805ba0c45eb6c0c3053d218aa1f7abead6e446d474529aafc372",
                "sha256:de32edc9b0a7e67c2775e574cb061a537660e51210fbf6006b0b36ea695ae9bb",
                "sha256:e62ebaad93be3ad1a828a11e90f0e76f15449371ffeecca4a0a0b9adc99abcef"
            ],
            "index": "pypi",
            "version": "==0.991"
        },
        "mypy-extensions": {
            "hashes": [
                "sha256:090fedd75945a69ae91ce1303b5824f428daf5a028d2f6ab8a299250a846f15d",
                "sha256:2d82818f5bb3e369420cb3c4060a7970edba416647068eb4c5343488a6c604a8"
            ],
            "version": "==0.4.3"
        },
        "packaging": {
            "hashes": [
                "sha256:2198ec20bd4c017b8f9717e00f0c8714076fc2fd93816750ab48e2c41de2cfd3",
                "sha256:957e2148ba0e1a3b282772e791ef1d8083648bc131c8ab0c1feba110ce1146c3"
            ],
            "markers": "python_version >= '3.7'",
            "version": "==22.0"
        },
        "pathspec": {
            "hashes": [
                "sha256:3c95343af8b756205e2aba76e843ba9520a24dd84f68c22b9f93251507509dd6",
                "sha256:56200de4077d9d0791465aa9095a01d421861e405b5096955051deefd697d6f6"
            ],
            "markers": "python_version >= '3.7'",
            "version": "==0.10.3"
        },
        "pep517": {
            "hashes": [
                "sha256:4ba4446d80aed5b5eac6509ade100bff3e7943a8489de249654a5ae9b33ee35b",
                "sha256:ae69927c5c172be1add9203726d4b84cf3ebad1edcd5f71fcdc746e66e829f59"
            ],
            "markers": "python_version >= '3.6'",
            "version": "==0.13.0"
        },
        "platformdirs": {
            "hashes": [
                "sha256:1a89a12377800c81983db6be069ec068eee989748799b946cce2a6e80dcc54ca",
                "sha256:b46ffafa316e6b83b47489d240ce17173f123a9b9c83282141c3daf26ad9ac2e"
            ],
            "markers": "python_version >= '3.7'",
            "version": "==2.6.0"
        },
        "pluggy": {
            "hashes": [
                "sha256:4224373bacce55f955a878bf9cfa763c1e360858e330072059e10bad68531159",
                "sha256:74134bbf457f031a36d68416e1509f34bd5ccc019f0bcc952c7b909d06b37bd3"
            ],
            "markers": "python_version >= '3.6'",
            "version": "==1.0.0"
        },
        "pycodestyle": {
            "hashes": [
                "sha256:347187bdb476329d98f695c213d7295a846d1152ff4fe9bacb8a9590b8ee7053",
                "sha256:8a4eaf0d0495c7395bdab3589ac2db602797d76207242c17d470186815706610"
            ],
            "markers": "python_version >= '3.6'",
            "version": "==2.10.0"
        },
        "pyflakes": {
            "hashes": [
                "sha256:ec55bf7fe21fff7f1ad2f7da62363d749e2a470500eab1b555334b67aa1ef8cf",
                "sha256:ec8b276a6b60bd80defed25add7e439881c19e64850afd9b346283d4165fd0fd"
            ],
            "markers": "python_version >= '3.6'",
            "version": "==3.0.1"
        },
        "pyparsing": {
            "hashes": [
                "sha256:2b020ecf7d21b687f219b71ecad3631f644a47f01403fa1d1036b0c6416d70fb",
                "sha256:5026bae9a10eeaefb61dab2f09052b9f4307d44aee4eda64b309723d8d206bbc"
            ],
            "markers": "python_full_version >= '3.6.8'",
            "version": "==3.0.9"
        },
        "pytest": {
            "hashes": [
                "sha256:892f933d339f068883b6fd5a459f03d85bfcb355e4981e146d2c7616c21fef71",
                "sha256:c4014eb40e10f11f355ad4e3c2fb2c6c6d1919c73f3b5a433de4708202cade59"
            ],
            "index": "pypi",
            "version": "==7.2.0"
        },
        "python-dateutil": {
            "hashes": [
                "sha256:0123cacc1627ae19ddf3c27a5de5bd67ee4586fbdd6440d9748f8abb483d3e86",
                "sha256:961d03dc3453ebbc59dbdea9e4e11c5651520a876d0f4db161e8674aae935da9"
            ],
            "markers": "python_version >= '2.7' and python_version not in '3.0, 3.1, 3.2, 3.3'",
            "version": "==2.8.2"
        },
        "requests": {
            "hashes": [
                "sha256:7c5599b102feddaa661c826c56ab4fee28bfd17f5abca1ebbe3e7f19d7c97983",
                "sha256:8fefa2a1a1365bf5520aac41836fbee479da67864514bdb821f31ce07ce65349"
            ],
            "markers": "python_version >= '3.7' and python_version < '4'",
            "version": "==2.28.1"
        },
        "s3transfer": {
            "hashes": [
                "sha256:06176b74f3a15f61f1b4f25a1fc29a4429040b7647133a463da8fa5bd28d5ecd",
                "sha256:2ed07d3866f523cc561bf4a00fc5535827981b117dd7876f036b0c1aca42c947"
            ],
            "markers": "python_version >= '3.7'",
            "version": "==0.6.0"
        },
        "six": {
            "hashes": [
                "sha256:1e61c37477a1626458e36f7b1d82aa5c9b094fa4802892072e49de9c60c4c926",
                "sha256:8abb2f1d86890a2dfb989f9a77cfcfd3e47c2a354b01111771326f8aa26e0254"
            ],
            "markers": "python_version >= '2.7' and python_version not in '3.0, 3.1, 3.2, 3.3'",
            "version": "==1.16.0"
        },
        "tomli": {
            "hashes": [
                "sha256:939de3e7a6161af0c887ef91b7d41a53e7c5a1ca976325f429cb46ea9bc30ecc",
                "sha256:de526c12914f0c550d15924c62d72abc48d6fe7364aa87328337a31007fe8a4f"
            ],
            "markers": "python_full_version < '3.11.0a7'",
            "version": "==2.0.1"
        },
        "typing-extensions": {
            "hashes": [
                "sha256:1511434bb92bf8dd198c12b1cc812e800d4181cfcb867674e0f8279cc93087aa",
                "sha256:16fa4864408f655d35ec496218b85f79b3437c829e93320c7c9215ccfd92489e"
            ],
            "markers": "python_version >= '3.7'",
            "version": "==4.4.0"
        },
        "urllib3": {
            "hashes": [
                "sha256:47cc05d99aaa09c9e72ed5809b60e7ba354e64b59c9c173ac3018642d8bb41fc",
                "sha256:c083dd0dce68dbfbe1129d5271cb90f9447dea7d52097c6e0126120c521ddea8"
            ],
            "markers": "python_version >= '2.7' and python_version not in '3.0, 3.1, 3.2, 3.3, 3.4, 3.5'",
            "version": "==1.26.13"
        },
        "websocket-client": {
            "hashes": [
                "sha256:d6b06432f184438d99ac1f456eaf22fe1ade524c3dd16e661142dc54e9cba574",
                "sha256:d6e8f90ca8e2dd4e8027c4561adeb9456b54044312dba655e7cae652ceb9ae59"
            ],
            "markers": "python_version >= '3.7'",
            "version": "==1.4.2"
        }
    }
}
